
Microsoft Visual Studio Solution File, Format Version 12.00
# Visual Studio Version 17
VisualStudioVersion = 17.5.33502.453
MinimumVisualStudioVersion = 10.0.40219.1
Project("{9A19103F-16F7-4668-BE54-9A1E7A4F7556}") = "Json", "Json.csproj", "{4A4828F7-EC36-41A3-BA87-3D2639D7D07D}"
EndProject
Project("{9A19103F-16F7-4668-BE54-9A1E7A4F7556}") = "Tutorial2", "..\Tutorial2\Tutorial2.csproj", "{321105F1-A1E5-496C-AB5D-568671A71F9F}"
EndProject
Project("{FAE04EC0-301F-11D3-BF4B-00C04F79EFBC}") = "Tutorial3", "..\Tutorial3\Tutorial3.csproj", "{2D518C58-BF97-426B-A04F-5D82B9B010AA}"
EndProject
Global
	GlobalSection(SolutionConfigurationPlatforms) = preSolution
		Debug|Any CPU = Debug|Any CPU
		Release|Any CPU = Release|Any CPU
	EndGlobalSection
	GlobalSection(ProjectConfigurationPlatforms) = postSolution
		{4A4828F7-EC36-41A3-BA87-3D2639D7D07D}.Debug|Any CPU.ActiveCfg = Debug|Any CPU
		{4A4828F7-EC36-41A3-BA87-3D2639D7D07D}.Debug|Any CPU.Build.0 = Debug|Any CPU
		{4A4828F7-EC36-41A3-BA87-3D2639D7D07D}.Release|Any CPU.ActiveCfg = Release|Any CPU
		{4A4828F7-EC36-41A3-BA87-3D2639D7D07D}.Release|Any CPU.Build.0 = Release|Any CPU
		{321105F1-A1E5-496C-AB5D-568671A71F9F}.Debug|Any CPU.ActiveCfg = Debug|Any CPU
		{321105F1-A1E5-496C-AB5D-568671A71F9F}.Debug|Any CPU.Build.0 = Debug|Any CPU
		{321105F1-A1E5-496C-AB5D-568671A71F9F}.Release|Any CPU.ActiveCfg = Release|Any CPU
		{321105F1-A1E5-496C-AB5D-568671A71F9F}.Release|Any CPU.Build.0 = Release|Any CPU
		{2D518C58-BF97-426B-A04F-5D82B9B010AA}.Debug|Any CPU.ActiveCfg = Debug|Any CPU
		{2D518C58-BF97-426B-A04F-5D82B9B010AA}.Debug|Any CPU.Build.0 = Debug|Any CPU
		{2D518C58-BF97-426B-A04F-5D82B9B010AA}.Release|Any CPU.ActiveCfg = Release|Any CPU
		{2D518C58-BF97-426B-A04F-5D82B9B010AA}.Release|Any CPU.Build.0 = Release|Any CPU
	EndGlobalSection
	GlobalSection(SolutionProperties) = preSolution
		HideSolutionNode = FALSE
	EndGlobalSection
	GlobalSection(ExtensibilityGlobals) = postSolution
		SolutionGuid = {5CC2815D-9701-4766-B0A7-65CB10CCA7DA}
	EndGlobalSection
EndGlobal
