
Microsoft Visual Studio Solution File, Format Version 12.00
# Visual Studio Version 17
VisualStudioVersion = 17.5.33502.453
MinimumVisualStudioVersion = 10.0.40219.1
Project("{9A19103F-16F7-4668-BE54-9A1E7A4F7556}") = "UserUI", "..\UserUI\UserUI.csproj", "{A8B2F25D-8CF4-447D-AFA8-6A6A862B2F37}"
EndProject
Project("{9A19103F-16F7-4668-BE54-9A1E7A4F7556}") = "Application", "..\Infrastructure\Application.csproj", "{8C7EBCA2-DAA5-4117-8D46-48B84DA4247D}"
EndProject
Project("{9A19103F-16F7-4668-BE54-9A1E7A4F7556}") = "Domain", "..\Domain\Domain.csproj", "{22199030-3E08-4579-ABCA-85FF5FFCA3C1}"
EndProject
Global
	GlobalSection(SolutionConfigurationPlatforms) = preSolution
		Debug|Any CPU = Debug|Any CPU
		Release|Any CPU = Release|Any CPU
	EndGlobalSection
	GlobalSection(ProjectConfigurationPlatforms) = postSolution
		{A8B2F25D-8CF4-447D-AFA8-6A6A862B2F37}.Debug|Any CPU.ActiveCfg = Debug|Any CPU
		{A8B2F25D-8CF4-447D-AFA8-6A6A862B2F37}.Debug|Any CPU.Build.0 = Debug|Any CPU
		{A8B2F25D-8CF4-447D-AFA8-6A6A862B2F37}.Release|Any CPU.ActiveCfg = Release|Any CPU
		{A8B2F25D-8CF4-447D-AFA8-6A6A862B2F37}.Release|Any CPU.Build.0 = Release|Any CPU
		{8C7EBCA2-DAA5-4117-8D46-48B84DA4247D}.Debug|Any CPU.ActiveCfg = Debug|Any CPU
		{8C7EBCA2-DAA5-4117-8D46-48B84DA4247D}.Debug|Any CPU.Build.0 = Debug|Any CPU
		{8C7EBCA2-DAA5-4117-8D46-48B84DA4247D}.Release|Any CPU.ActiveCfg = Release|Any CPU
		{8C7EBCA2-DAA5-4117-8D46-48B84DA4247D}.Release|Any CPU.Build.0 = Release|Any CPU
		{22199030-3E08-4579-ABCA-85FF5FFCA3C1}.Debug|Any CPU.ActiveCfg = Debug|Any CPU
		{22199030-3E08-4579-ABCA-85FF5FFCA3C1}.Debug|Any CPU.Build.0 = Debug|Any CPU
		{22199030-3E08-4579-ABCA-85FF5FFCA3C1}.Release|Any CPU.ActiveCfg = Release|Any CPU
		{22199030-3E08-4579-ABCA-85FF5FFCA3C1}.Release|Any CPU.Build.0 = Release|Any CPU
	EndGlobalSection
	GlobalSection(SolutionProperties) = preSolution
		HideSolutionNode = FALSE
	EndGlobalSection
	GlobalSection(ExtensibilityGlobals) = postSolution
		SolutionGuid = {5CC2815D-9701-4766-B0A7-65CB10CCA7DA}
	EndGlobalSection
EndGlobal
